# This file is automatically @generated by Cargo.
# It is not intended for manual editing.
version = 4

[[package]]
name = "accumulate"
version = "0.1.0"

[[package]]
name = "acronym"
version = "0.1.0"

[[package]]
name = "affine_cipher"
version = "0.1.0"
dependencies = [
 "modinverse",
]

[[package]]
name = "allergies"
version = "0.1.0"
dependencies = [
 "enum-iterator",
]

[[package]]
name = "allyourbase"
version = "0.1.0"

[[package]]
name = "alphametics"
version = "0.1.0"

[[package]]
name = "anagram"
version = "0.1.0"

[[package]]
name = "armstrong_numbers"
version = "0.1.0"

[[package]]
name = "atbash_cipher"
version = "0.1.0"

[[package]]
name = "autocfg"
version = "1.5.0"
source = "registry+https://github.com/rust-lang/crates.io-index"
checksum = "c08606f8c3cbf4ce6ec8e28fb0014a2c086708fe954eaa885384a6165172e7e8"

[[package]]
name = "beer-song"
version = "0.0.0"

[[package]]
name = "binary_search"
version = "0.1.0"

[[package]]
name = "bob"
version = "0.1.0"

[[package]]
name = "bottle_song"
version = "0.1.0"
dependencies = [
 "strfmt",
]

[[package]]
name = "bowling"
version = "0.1.0"

[[package]]
name = "cfg-if"
version = "1.0.3"
source = "registry+https://github.com/rust-lang/crates.io-index"
checksum = "2fd1289c04a9ea8cb22300a459a72a385d7c73d3259e2ed7dcb2af674838cfa9"

[[package]]
name = "clock"
version = "0.1.0"

[[package]]
name = "collatz_conjecture"
version = "0.1.0"

[[package]]
name = "crypto_square"
version = "0.1.0"

[[package]]
name = "custom_set"
version = "0.1.0"

[[package]]
name = "deranged"
version = "0.4.0"
source = "registry+https://github.com/rust-lang/crates.io-index"
checksum = "9c9e6a11ca8224451684bc0d7d5a7adbf8f2fd6887261a1cfc3c0432f9d4068e"
dependencies = [
 "powerfmt",
]

[[package]]
name = "diamond"
version = "0.1.0"

[[package]]
name = "difference_of_squares"
version = "0.1.0"

[[package]]
name = "dot_dsl"
version = "0.1.0"

[[package]]
name = "eliuds_eggs"
version = "0.1.0"

[[package]]
name = "enum-iterator"
version = "2.1.0"
source = "registry+https://github.com/rust-lang/crates.io-index"
checksum = "c280b9e6b3ae19e152d8e31cf47f18389781e119d4013a2a2bb0180e5facc635"
dependencies = [
 "enum-iterator-derive",
]

[[package]]
name = "enum-iterator-derive"
version = "1.4.0"
source = "registry+https://github.com/rust-lang/crates.io-index"
checksum = "a1ab991c1362ac86c61ab6f556cff143daa22e5a15e4e189df818b2fd19fe65b"
dependencies = [
 "proc-macro2",
 "quote",
 "syn",
]

[[package]]
name = "etl"
version = "0.1.0"

[[package]]
name = "flower_field"
version = "0.1.0"

[[package]]
name = "getrandom"
version = "0.3.3"
source = "registry+https://github.com/rust-lang/crates.io-index"
checksum = "26145e563e54f2cadc477553f1ec5ee650b00862f0a58bcd12cbdc5f0ea2d2f4"
dependencies = [
 "cfg-if",
 "libc",
 "r-efi",
 "wasi",
]

[[package]]
name = "gigasecond"
version = "0.1.0"
dependencies = [
 "time",
]

[[package]]
name = "grade_school"
version = "0.1.0"

[[package]]
name = "grains"
version = "0.1.0"

[[package]]
name = "hamming"
version = "0.1.0"

[[package]]
name = "hello_world"
version = "0.1.0"

[[package]]
name = "high_scores"
version = "0.1.0"

[[package]]
name = "isbn_verifier"
version = "0.1.0"

[[package]]
name = "isogram"
version = "0.1.0"

[[package]]
name = "kindergarten_garden"
version = "0.1.0"

[[package]]
name = "knapsack"
version = "0.1.0"

[[package]]
name = "largest_series_product"
version = "0.1.0"

[[package]]
name = "leap"
version = "0.1.0"

[[package]]
name = "libc"
version = "0.2.176"
source = "registry+https://github.com/rust-lang/crates.io-index"
checksum = "58f929b4d672ea937a23a1ab494143d968337a5f47e56d0815df1e0890ddf174"

[[package]]
name = "list_ops"
version = "0.1.0"

[[package]]
name = "luhn"
version = "0.1.0"

[[package]]
name = "luhn_from"
version = "0.1.0"

[[package]]
name = "luhn_trait"
version = "0.1.0"

[[package]]
name = "matching_brackets"
version = "0.1.0"

[[package]]
name = "matrix"
version = "0.1.0"

[[package]]
name = "modinverse"
version = "0.1.1"
source = "registry+https://github.com/rust-lang/crates.io-index"
checksum = "2f62f577f148cc1a9466e7065a22e59466a7d537cceba5e77e57181d0f706633"
dependencies = [
 "num-integer",
]

[[package]]
name = "nth_prime"
version = "0.1.0"

[[package]]
name = "nucleotide_count"
version = "0.1.0"

[[package]]
name = "num-conv"
version = "0.1.0"
source = "registry+https://github.com/rust-lang/crates.io-index"
checksum = "51d515d32fb182ee37cda2ccdcb92950d6a3c2893aa280e540671c2cd0f3b1d9"

[[package]]
name = "num-integer"
version = "0.1.46"
source = "registry+https://github.com/rust-lang/crates.io-index"
checksum = "7969661fd2958a5cb096e56c8e1ad0444ac2bbcd0061bd28660485a44879858f"
dependencies = [
 "num-traits",
]

[[package]]
name = "num-traits"
version = "0.2.19"
source = "registry+https://github.com/rust-lang/crates.io-index"
checksum = "071dfc062690e90b734c0b2273ce72ad0ffa95f0c74596bc250dcfd960262841"
dependencies = [
 "autocfg",
]

[[package]]
name = "paasio"
version = "0.1.0"

[[package]]
name = "palindrome_products"
version = "0.1.0"

[[package]]
name = "pangram"
version = "0.1.0"

[[package]]
name = "pascals_triangle"
version = "0.1.0"

[[package]]
name = "perfect_numbers"
version = "0.1.0"

[[package]]
name = "phone_number"
version = "0.1.0"

[[package]]
name = "pig_latin"
version = "0.1.0"
dependencies = [
 "regex-lite",
]

[[package]]
name = "powerfmt"
version = "0.2.0"
source = "registry+https://github.com/rust-lang/crates.io-index"
checksum = "439ee305def115ba05938db6eb1644ff94165c5ab5e9420d1c1bcedbba909391"

[[package]]
name = "ppv-lite86"
version = "0.2.21"
source = "registry+https://github.com/rust-lang/crates.io-index"
checksum = "85eae3c4ed2f50dcfe72643da4befc30deadb458a9b590d720cde2f2b1e97da9"
dependencies = [
 "zerocopy",
]

[[package]]
name = "prime_factors"
version = "0.1.0"

[[package]]
name = "proc-macro2"
version = "1.0.101"
source = "registry+https://github.com/rust-lang/crates.io-index"
checksum = "89ae43fd86e4158d6db51ad8e2b80f313af9cc74f5c0e03ccb87de09998732de"
dependencies = [
 "unicode-ident",
]

[[package]]
name = "protein_translation"
version = "0.1.0"

[[package]]
name = "proverb"
version = "0.1.0"

[[package]]
name = "queen_attack"
version = "0.1.0"

[[package]]
name = "quote"
version = "1.0.40"
source = "registry+https://github.com/rust-lang/crates.io-index"
checksum = "1885c039570dc00dcb4ff087a89e185fd56bae234ddc7f056a945bf36467248d"
dependencies = [
 "proc-macro2",
]

[[package]]
name = "r-efi"
version = "5.3.0"
source = "registry+https://github.com/rust-lang/crates.io-index"
checksum = "69cdb34c158ceb288df11e18b4bd39de994f6657d83847bdffdbd7f346754b0f"

[[package]]
name = "rail_fence_cipher"
version = "0.1.0"

[[package]]
name = "raindrops"
version = "0.1.0"

[[package]]
name = "rand"
version = "0.9.2"
source = "registry+https://github.com/rust-lang/crates.io-index"
checksum = "6db2770f06117d490610c7488547d543617b21bfa07796d7a12f6f1bd53850d1"
dependencies = [
 "rand_chacha",
 "rand_core",
]

[[package]]
name = "rand_chacha"
version = "0.9.0"
source = "registry+https://github.com/rust-lang/crates.io-index"
checksum = "d3022b5f1df60f26e1ffddd6c66e8aa15de382ae63b3a0c1bfc0e4d3e3f325cb"
dependencies = [
 "ppv-lite86",
 "rand_core",
]

[[package]]
name = "rand_core"
version = "0.9.3"
source = "registry+https://github.com/rust-lang/crates.io-index"
checksum = "99d9a13982dcf210057a8a78572b2217b667c3beacbf3a0d8b454f6f82837d38"
dependencies = [
 "getrandom",
]

[[package]]
name = "regex-lite"
version = "0.1.7"
source = "registry+https://github.com/rust-lang/crates.io-index"
checksum = "943f41321c63ef1c92fd763bfe054d2668f7f225a5c29f0105903dc2fc04ba30"

[[package]]
name = "reverse_string"
version = "1.1.0"
dependencies = [
 "unicode-segmentation",
]

[[package]]
name = "rna_transcription"
version = "0.1.0"

[[package]]
name = "robot_name"
version = "0.1.0"
dependencies = [
 "rand",
]

[[package]]
name = "robot_simulator"
version = "0.1.0"

[[package]]
name = "roman_numerals"
version = "0.1.0"

[[package]]
name = "rotational_cipher"
version = "0.1.0"

[[package]]
name = "run_length_encoding"
version = "0.1.0"
dependencies = [
 "regex-lite",
]

[[package]]
name = "saddle_points"
version = "0.1.0"

[[package]]
name = "say"
version = "0.1.0"

[[package]]
name = "scrabble_score"
version = "0.1.0"

[[package]]
name = "secret_handshake"
version = "0.1.0"

[[package]]
name = "serde"
version = "1.0.219"
source = "registry+https://github.com/rust-lang/crates.io-index"
checksum = "5f0e2c6ed6606019b4e29e69dbaba95b11854410e5347d525002456dbbb786b6"
dependencies = [
 "serde_derive",
]

[[package]]
name = "serde_derive"
version = "1.0.219"
source = "registry+https://github.com/rust-lang/crates.io-index"
checksum = "5b0276cf7f2c73365f7157c8123c21cd9a50fbbd844757af28ca1f5925fc2a00"
dependencies = [
 "proc-macro2",
 "quote",
 "syn",
]

[[package]]
name = "series"
version = "0.1.0"

[[package]]
name = "sieve"
version = "0.1.0"

[[package]]
name = "simple_cipher"
version = "0.1.0"
dependencies = [
 "rand",
]

[[package]]
name = "simple_linked_list"
version = "0.1.0"

[[package]]
name = "space_age"
version = "0.1.0"

[[package]]
name = "spiral_matrix"
version = "0.1.0"

[[package]]
name = "strfmt"
version = "0.2.5"
source = "registry+https://github.com/rust-lang/crates.io-index"
checksum = "29fdc163db75f7b5ffa3daf0c5a7136fb0d4b2f35523cd1769da05e034159feb"

[[package]]
name = "sublist"
version = "0.1.0"

[[package]]
name = "sum_of_multiples"
version = "0.1.0"

[[package]]
name = "syn"
version = "2.0.106"
source = "registry+https://github.com/rust-lang/crates.io-index"
checksum = "ede7c438028d4436d71104916910f5bb611972c5cfd7f89b8300a8186e6fada6"
dependencies = [
 "proc-macro2",
 "quote",
 "unicode-ident",
]

[[package]]
name = "time"
version = "0.3.41"
source = "registry+https://github.com/rust-lang/crates.io-index"
checksum = "8a7619e19bc266e0f9c5e6686659d394bc57973859340060a69221e57dbc0c40"
dependencies = [
 "deranged",
 "num-conv",
 "powerfmt",
 "serde",
 "time-core",
]

[[package]]
name = "time-core"
version = "0.1.4"
source = "registry+https://github.com/rust-lang/crates.io-index"
checksum = "c9e9a38711f559d9e3ce1cdb06dd7c5b8ea546bc90052da6d06bb76da74bb07c"

[[package]]
name = "tournament"
version = "0.1.0"

[[package]]
name = "triangle"
version = "0.1.0"
dependencies = [
 "num-traits",
]

[[package]]
name = "two_bucket"
version = "0.1.0"

[[package]]
name = "unicode-ident"
version = "1.0.18"
source = "registry+https://github.com/rust-lang/crates.io-index"
checksum = "5a5f39404a5da50712a4c1eecf25e90dd62b613502b7e925fd4e4d19b5c96512"

[[package]]
name = "unicode-segmentation"
version = "1.12.0"
source = "registry+https://github.com/rust-lang/crates.io-index"
checksum = "f6ccf251212114b54433ec949fd6a7841275f9ada20dddd2f29e9ceea4501493"

[[package]]
name = "variable_length_quantity"
version = "0.1.0"

[[package]]
name = "wasi"
version = "0.14.7+wasi-0.2.4"
source = "registry+https://github.com/rust-lang/crates.io-index"
checksum = "883478de20367e224c0090af9cf5f9fa85bed63a95c1abf3afc5c083ebc06e8c"
dependencies = [
 "wasip2",
]

[[package]]
name = "wasip2"
version = "1.0.1+wasi-0.2.4"
source = "registry+https://github.com/rust-lang/crates.io-index"
checksum = "0562428422c63773dad2c345a1882263bbf4d65cf3f42e90921f787ef5ad58e7"
dependencies = [
 "wit-bindgen",
]

[[package]]
name = "wit-bindgen"
version = "0.46.0"
source = "registry+https://github.com/rust-lang/crates.io-index"
checksum = "f17a85883d4e6d00e8a97c586de764dabcc06133f7f1d55dce5cdc070ad7fe59"

[[package]]
name = "word_count"
version = "0.1.0"

[[package]]
name = "wordy"
version = "0.1.0"

[[package]]
name = "yacht"
version = "0.1.0"

[[package]]
name = "zerocopy"
version = "0.8.27"
source = "registry+https://github.com/rust-lang/crates.io-index"
checksum = "0894878a5fa3edfd6da3f88c4805f4c8558e2b996227a3d864f47fe11e38282c"
dependencies = [
 "zerocopy-derive",
]

[[package]]
name = "zerocopy-derive"
version = "0.8.27"
source = "registry+https://github.com/rust-lang/crates.io-index"
checksum = "88d2b8d9c68ad2b9e4340d7832716a4d21a22a1154777ad56ea55c51a9cf3831"
dependencies = [
 "proc-macro2",
 "quote",
 "syn",
]
